PODS:
  - CTMediator (32)
  - PersonInfo (0.1):
    - PersonPrefenceCatogery
  - PersonPrefenceCatogery (0.1):
    - CTMediator

DEPENDENCIES:
  - PersonInfo (from `../`)

SPEC REPOS:
  https://github.com/18638597928/TestSpecs.git:
    - PersonPrefenceCatogery
  https://github.com/cocoapods/specs.git:
    - CTMediator

EXTERNAL SOURCES:
  PersonInfo:
    :path: "../"

SPEC CHECKSUMS:
  CTMediator: 10f2c387be0ab2061b75b88c86f9903eedba1ce8
  PersonInfo: 1a5fca7d55e05630a3ec6e095527f4451dbb5482
  PersonPrefenceCatogery: 537cd198572abe83a0263e6c121b45fc4480a66d

PODFILE CHECKSUM: a5b89b696533a7deaaf1e9e7b16b453c6f6a02b2

COCOAPODS: 1.7.5
